
Microsoft Visual Studio Solution File, Format Version 12.00
# Visual Studio Version 17
VisualStudioVersion = 17.6.33723.286
MinimumVisualStudioVersion = 10.0.40219.1
Project("{9A19103F-16F7-4668-BE54-9A1E7A4F7556}") = "BlazorAppClient", "BlazorAppClient\BlazorAppClient.csproj", "{CA7810FA-0BD6-4E07-96A2-2B121E8F67C1}"
EndProject
Project("{2150E333-8FDC-42A3-9474-1A3956D46DE8}") = "Solution Items", "Solution Items", "{A0844BB7-A39E-491E-93C9-5E7E7151888C}"
EndProject
Project("{2150E333-8FDC-42A3-9474-1A3956D46DE8}") = "DevOps", "DevOps", "{E168EE76-9614-4323-985E-AB5FFD2BB43C}"
	ProjectSection(SolutionItems) = preProject
		DevOps\1-Start.ps1 = DevOps\1-Start.ps1
		DevOps\2-CreateContainerRegistry.ps1 = DevOps\2-CreateContainerRegistry.ps1
		DevOps\3-DeployImageToRegistry.ps1 = DevOps\3-DeployImageToRegistry.ps1
		DevOps\4-DeployImageToContainerInstance.ps1 = DevOps\4-DeployImageToContainerInstance.ps1
		DevOps\5-DeployImageToAppService.ps1 = DevOps\5-DeployImageToAppService.ps1
	EndProjectSection
EndProject
Project("{E53339B2-1760-4266-BCC7-CA923CBCF16C}") = "docker-compose", "docker-compose.dcproj", "{662D6905-D938-40F8-B5B3-BD79704162C9}"
EndProject
Global
	GlobalSection(SolutionConfigurationPlatforms) = preSolution
		Debug|Any CPU = Debug|Any CPU
		Release|Any CPU = Release|Any CPU
	EndGlobalSection
	GlobalSection(ProjectConfigurationPlatforms) = postSolution
		{CA7810FA-0BD6-4E07-96A2-2B121E8F67C1}.Debug|Any CPU.ActiveCfg = Debug|Any CPU
		{CA7810FA-0BD6-4E07-96A2-2B121E8F67C1}.Debug|Any CPU.Build.0 = Debug|Any CPU
		{CA7810FA-0BD6-4E07-96A2-2B121E8F67C1}.Release|Any CPU.ActiveCfg = Release|Any CPU
		{CA7810FA-0BD6-4E07-96A2-2B121E8F67C1}.Release|Any CPU.Build.0 = Release|Any CPU
		{662D6905-D938-40F8-B5B3-BD79704162C9}.Debug|Any CPU.ActiveCfg = Debug|Any CPU
		{662D6905-D938-40F8-B5B3-BD79704162C9}.Debug|Any CPU.Build.0 = Debug|Any CPU
		{662D6905-D938-40F8-B5B3-BD79704162C9}.Release|Any CPU.ActiveCfg = Release|Any CPU
		{662D6905-D938-40F8-B5B3-BD79704162C9}.Release|Any CPU.Build.0 = Release|Any CPU
	EndGlobalSection
	GlobalSection(SolutionProperties) = preSolution
		HideSolutionNode = FALSE
	EndGlobalSection
	GlobalSection(NestedProjects) = preSolution
		{E168EE76-9614-4323-985E-AB5FFD2BB43C} = {A0844BB7-A39E-491E-93C9-5E7E7151888C}
	EndGlobalSection
	GlobalSection(ExtensibilityGlobals) = postSolution
		SolutionGuid = {89CF44F5-03AF-4385-8823-82DACF4AF6E3}
	EndGlobalSection
EndGlobal
